
Microsoft Visual Studio Solution File, Format Version 12.00
# Visual Studio Version 16
VisualStudioVersion = 16.0.30907.101
MinimumVisualStudioVersion = 10.0.40219.1
Project("{FAE04EC0-301F-11D3-BF4B-00C04F79EFBC}") = "DbPersister_Without_DIP", "DependencyInversionPrincipleExample\DbPersister_Without_DIP.csproj", "{B3647670-E9BF-48DC-B106-06C3F06AAA23}"
EndProject
Project("{FAE04EC0-301F-11D3-BF4B-00C04F79EFBC}") = "DbPersister_With_DIP", "DbPersister_With_DIP\DbPersister_With_DIP.csproj", "{8D41383A-C1D9-48BE-B1A2-EF7A894C269E}"
EndProject
Global
	GlobalSection(SolutionConfigurationPlatforms) = preSolution
		Debug|Any CPU = Debug|Any CPU
		Release|Any CPU = Release|Any CPU
	EndGlobalSection
	GlobalSection(ProjectConfigurationPlatforms) = postSolution
		{B3647670-E9BF-48DC-B106-06C3F06AAA23}.Debug|Any CPU.ActiveCfg = Debug|Any CPU
		{B3647670-E9BF-48DC-B106-06C3F06AAA23}.Debug|Any CPU.Build.0 = Debug|Any CPU
		{B3647670-E9BF-48DC-B106-06C3F06AAA23}.Release|Any CPU.ActiveCfg = Release|Any CPU
		{B3647670-E9BF-48DC-B106-06C3F06AAA23}.Release|Any CPU.Build.0 = Release|Any CPU
		{8D41383A-C1D9-48BE-B1A2-EF7A894C269E}.Debug|Any CPU.ActiveCfg = Debug|Any CPU
		{8D41383A-C1D9-48BE-B1A2-EF7A894C269E}.Debug|Any CPU.Build.0 = Debug|Any CPU
		{8D41383A-C1D9-48BE-B1A2-EF7A894C269E}.Release|Any CPU.ActiveCfg = Release|Any CPU
		{8D41383A-C1D9-48BE-B1A2-EF7A894C269E}.Release|Any CPU.Build.0 = Release|Any CPU
	EndGlobalSection
	GlobalSection(SolutionProperties) = preSolution
		HideSolutionNode = FALSE
	EndGlobalSection
	GlobalSection(ExtensibilityGlobals) = postSolution
		SolutionGuid = {595FF320-E602-4701-800A-08E4E4305C40}
	EndGlobalSection
EndGlobal
